
Microsoft Visual Studio Solution File, Format Version 12.00
# Visual Studio Version 17
VisualStudioVersion = 17.10.35013.160
MinimumVisualStudioVersion = 10.0.40219.1
Project("{FAE04EC0-301F-11D3-BF4B-00C04F79EFBC}") = "CSC240-04-02-ExceptionHandlingDemoGUI-DG", "CSC240-04-02-ExceptionHandlingDemoGUI-DG\CSC240-04-02-ExceptionHandlingDemoGUI-DG.csproj", "{B66FB0FE-F2BB-458D-BC29-24C59B7C18C0}"
EndProject
Global
	GlobalSection(SolutionConfigurationPlatforms) = preSolution
		Debug|Any CPU = Debug|Any CPU
		Release|Any CPU = Release|Any CPU
	EndGlobalSection
	GlobalSection(ProjectConfigurationPlatforms) = postSolution
		{B66FB0FE-F2BB-458D-BC29-24C59B7C18C0}.Debug|Any CPU.ActiveCfg = Debug|Any CPU
		{B66FB0FE-F2BB-458D-BC29-24C59B7C18C0}.Debug|Any CPU.Build.0 = Debug|Any CPU
		{B66FB0FE-F2BB-458D-BC29-24C59B7C18C0}.Release|Any CPU.ActiveCfg = Release|Any CPU
		{B66FB0FE-F2BB-458D-BC29-24C59B7C18C0}.Release|Any CPU.Build.0 = Release|Any CPU
	EndGlobalSection
	GlobalSection(SolutionProperties) = preSolution
		HideSolutionNode = FALSE
	EndGlobalSection
	GlobalSection(ExtensibilityGlobals) = postSolution
		SolutionGuid = {27402EE7-CD29-4529-8DA8-B1FBB14358C1}
	EndGlobalSection
EndGlobal
